
Microsoft Visual Studio Solution File, Format Version 12.00
# Visual Studio 15
VisualStudioVersion = 15.0.26124.0
MinimumVisualStudioVersion = 15.0.26124.0
Project("{FAE04EC0-301F-11D3-BF4B-00C04F79EFBC}") = "Espresso.ParserDeleter", "Espresso.ParserDeleter\Espresso.ParserDeleter.csproj", "{62ACF471-66FF-4F0D-A5A1-6FADF2E27D7E}"
EndProject
Project("{FAE04EC0-301F-11D3-BF4B-00C04F79EFBC}") = "Espresso.WebApi", "Espresso.WebApi\Espresso.WebApi.csproj", "{1F2994DC-47A9-456B-A28D-E85427587D13}"
EndProject
Project("{FAE04EC0-301F-11D3-BF4B-00C04F79EFBC}") = "Espresso.Common", "Espresso.Common\Espresso.Common.csproj", "{B22AE95C-BF1E-4DE5-9C2A-9A6AEE605638}"
EndProject
Project("{FAE04EC0-301F-11D3-BF4B-00C04F79EFBC}") = "Espresso.Domain", "Espresso.Domain\Espresso.Domain.csproj", "{70846208-3B6F-4B91-8948-DD619D459789}"
EndProject
Project("{FAE04EC0-301F-11D3-BF4B-00C04F79EFBC}") = "Espresso.Persistence", "Espresso.Persistence\Espresso.Persistence.csproj", "{9416A38B-B332-4A3C-99D0-396D3AE2C5BD}"
EndProject
Project("{FAE04EC0-301F-11D3-BF4B-00C04F79EFBC}") = "Espresso.ParserDeleter.Application", "Espresso.ParserDeleter.Application\Espresso.ParserDeleter.Application.csproj", "{EDE1BE66-5767-4E09-8828-FBADC31E14E7}"
EndProject
Project("{FAE04EC0-301F-11D3-BF4B-00C04F79EFBC}") = "Espresso.WebApi.Application", "Espresso.WebApi.Application\Espresso.WebApi.Application.csproj", "{8F9EE600-2658-4EF5-A008-BB7FCAC90A5F}"
EndProject
Project("{FAE04EC0-301F-11D3-BF4B-00C04F79EFBC}") = "Espresso.Application", "Espresso.Application\Espresso.Application.csproj", "{F056471C-FA41-4019-939C-5C0B31C6D8DA}"
EndProject
Project("{FAE04EC0-301F-11D3-BF4B-00C04F79EFBC}") = "Espresso.Common.Tests", "..\UnitTests\Espresso.Common.Tests\Espresso.Common.Tests.csproj", "{D06EA101-6CD4-492B-BF8A-A0C0C2355467}"
EndProject
Project("{FAE04EC0-301F-11D3-BF4B-00C04F79EFBC}") = "Espresso.Domain.Tests", "..\UnitTests\Espresso.Domain.Tests\Espresso.Domain.Tests.csproj", "{9DC820FA-8976-411C-B923-8D0680ED8853}"
EndProject
Global
	GlobalSection(SolutionConfigurationPlatforms) = preSolution
		Debug|Any CPU = Debug|Any CPU
		Debug|x64 = Debug|x64
		Debug|x86 = Debug|x86
		Release|Any CPU = Release|Any CPU
		Release|x64 = Release|x64
		Release|x86 = Release|x86
	EndGlobalSection
	GlobalSection(SolutionProperties) = preSolution
		HideSolutionNode = FALSE
	EndGlobalSection
	GlobalSection(ProjectConfigurationPlatforms) = postSolution
		{62ACF471-66FF-4F0D-A5A1-6FADF2E27D7E}.Debug|Any CPU.ActiveCfg = Debug|Any CPU
		{62ACF471-66FF-4F0D-A5A1-6FADF2E27D7E}.Debug|Any CPU.Build.0 = Debug|Any CPU
		{62ACF471-66FF-4F0D-A5A1-6FADF2E27D7E}.Debug|x64.ActiveCfg = Debug|Any CPU
		{62ACF471-66FF-4F0D-A5A1-6FADF2E27D7E}.Debug|x64.Build.0 = Debug|Any CPU
		{62ACF471-66FF-4F0D-A5A1-6FADF2E27D7E}.Debug|x86.ActiveCfg = Debug|Any CPU
		{62ACF471-66FF-4F0D-A5A1-6FADF2E27D7E}.Debug|x86.Build.0 = Debug|Any CPU
		{62ACF471-66FF-4F0D-A5A1-6FADF2E27D7E}.Release|Any CPU.ActiveCfg = Release|Any CPU
		{62ACF471-66FF-4F0D-A5A1-6FADF2E27D7E}.Release|Any CPU.Build.0 = Release|Any CPU
		{62ACF471-66FF-4F0D-A5A1-6FADF2E27D7E}.Release|x64.ActiveCfg = Release|Any CPU
		{62ACF471-66FF-4F0D-A5A1-6FADF2E27D7E}.Release|x64.Build.0 = Release|Any CPU
		{62ACF471-66FF-4F0D-A5A1-6FADF2E27D7E}.Release|x86.ActiveCfg = Release|Any CPU
		{62ACF471-66FF-4F0D-A5A1-6FADF2E27D7E}.Release|x86.Build.0 = Release|Any CPU
		{1F2994DC-47A9-456B-A28D-E85427587D13}.Debug|Any CPU.ActiveCfg = Development|Any CPU
		{1F2994DC-47A9-456B-A28D-E85427587D13}.Debug|Any CPU.Build.0 = Development|Any CPU
		{1F2994DC-47A9-456B-A28D-E85427587D13}.Debug|x64.ActiveCfg = Development|Any CPU
		{1F2994DC-47A9-456B-A28D-E85427587D13}.Debug|x64.Build.0 = Development|Any CPU
		{1F2994DC-47A9-456B-A28D-E85427587D13}.Debug|x86.ActiveCfg = Development|Any CPU
		{1F2994DC-47A9-456B-A28D-E85427587D13}.Debug|x86.Build.0 = Development|Any CPU
		{1F2994DC-47A9-456B-A28D-E85427587D13}.Release|Any CPU.ActiveCfg = Release|Any CPU
		{1F2994DC-47A9-456B-A28D-E85427587D13}.Release|Any CPU.Build.0 = Release|Any CPU
		{1F2994DC-47A9-456B-A28D-E85427587D13}.Release|x64.ActiveCfg = Release|Any CPU
		{1F2994DC-47A9-456B-A28D-E85427587D13}.Release|x64.Build.0 = Release|Any CPU
		{1F2994DC-47A9-456B-A28D-E85427587D13}.Release|x86.ActiveCfg = Release|Any CPU
		{1F2994DC-47A9-456B-A28D-E85427587D13}.Release|x86.Build.0 = Release|Any CPU
		{B22AE95C-BF1E-4DE5-9C2A-9A6AEE605638}.Debug|Any CPU.ActiveCfg = Development|Any CPU
		{B22AE95C-BF1E-4DE5-9C2A-9A6AEE605638}.Debug|Any CPU.Build.0 = Development|Any CPU
		{B22AE95C-BF1E-4DE5-9C2A-9A6AEE605638}.Debug|x64.ActiveCfg = Development|Any CPU
		{B22AE95C-BF1E-4DE5-9C2A-9A6AEE605638}.Debug|x64.Build.0 = Development|Any CPU
		{B22AE95C-BF1E-4DE5-9C2A-9A6AEE605638}.Debug|x86.ActiveCfg = Development|Any CPU
		{B22AE95C-BF1E-4DE5-9C2A-9A6AEE605638}.Debug|x86.Build.0 = Development|Any CPU
		{B22AE95C-BF1E-4DE5-9C2A-9A6AEE605638}.Release|Any CPU.ActiveCfg = Release|Any CPU
		{B22AE95C-BF1E-4DE5-9C2A-9A6AEE605638}.Release|Any CPU.Build.0 = Release|Any CPU
		{B22AE95C-BF1E-4DE5-9C2A-9A6AEE605638}.Release|x64.ActiveCfg = Release|Any CPU
		{B22AE95C-BF1E-4DE5-9C2A-9A6AEE605638}.Release|x64.Build.0 = Release|Any CPU
		{B22AE95C-BF1E-4DE5-9C2A-9A6AEE605638}.Release|x86.ActiveCfg = Release|Any CPU
		{B22AE95C-BF1E-4DE5-9C2A-9A6AEE605638}.Release|x86.Build.0 = Release|Any CPU
		{70846208-3B6F-4B91-8948-DD619D459789}.Debug|Any CPU.ActiveCfg = Development|Any CPU
		{70846208-3B6F-4B91-8948-DD619D459789}.Debug|Any CPU.Build.0 = Development|Any CPU
		{70846208-3B6F-4B91-8948-DD619D459789}.Debug|x64.ActiveCfg = Development|Any CPU
		{70846208-3B6F-4B91-8948-DD619D459789}.Debug|x64.Build.0 = Development|Any CPU
		{70846208-3B6F-4B91-8948-DD619D459789}.Debug|x86.ActiveCfg = Development|Any CPU
		{70846208-3B6F-4B91-8948-DD619D459789}.Debug|x86.Build.0 = Development|Any CPU
		{70846208-3B6F-4B91-8948-DD619D459789}.Release|Any CPU.ActiveCfg = Release|Any CPU
		{70846208-3B6F-4B91-8948-DD619D459789}.Release|Any CPU.Build.0 = Release|Any CPU
		{70846208-3B6F-4B91-8948-DD619D459789}.Release|x64.ActiveCfg = Release|Any CPU
		{70846208-3B6F-4B91-8948-DD619D459789}.Release|x64.Build.0 = Release|Any CPU
		{70846208-3B6F-4B91-8948-DD619D459789}.Release|x86.ActiveCfg = Release|Any CPU
		{70846208-3B6F-4B91-8948-DD619D459789}.Release|x86.Build.0 = Release|Any CPU
		{9416A38B-B332-4A3C-99D0-396D3AE2C5BD}.Debug|Any CPU.ActiveCfg = Development|Any CPU
		{9416A38B-B332-4A3C-99D0-396D3AE2C5BD}.Debug|Any CPU.Build.0 = Development|Any CPU
		{9416A38B-B332-4A3C-99D0-396D3AE2C5BD}.Debug|x64.ActiveCfg = Development|Any CPU
		{9416A38B-B332-4A3C-99D0-396D3AE2C5BD}.Debug|x64.Build.0 = Development|Any CPU
		{9416A38B-B332-4A3C-99D0-396D3AE2C5BD}.Debug|x86.ActiveCfg = Development|Any CPU
		{9416A38B-B332-4A3C-99D0-396D3AE2C5BD}.Debug|x86.Build.0 = Development|Any CPU
		{9416A38B-B332-4A3C-99D0-396D3AE2C5BD}.Release|Any CPU.ActiveCfg = Release|Any CPU
		{9416A38B-B332-4A3C-99D0-396D3AE2C5BD}.Release|Any CPU.Build.0 = Release|Any CPU
		{9416A38B-B332-4A3C-99D0-396D3AE2C5BD}.Release|x64.ActiveCfg = Release|Any CPU
		{9416A38B-B332-4A3C-99D0-396D3AE2C5BD}.Release|x64.Build.0 = Release|Any CPU
		{9416A38B-B332-4A3C-99D0-396D3AE2C5BD}.Release|x86.ActiveCfg = Release|Any CPU
		{9416A38B-B332-4A3C-99D0-396D3AE2C5BD}.Release|x86.Build.0 = Release|Any CPU
		{EDE1BE66-5767-4E09-8828-FBADC31E14E7}.Debug|Any CPU.ActiveCfg = Debug|Any CPU
		{EDE1BE66-5767-4E09-8828-FBADC31E14E7}.Debug|Any CPU.Build.0 = Debug|Any CPU
		{EDE1BE66-5767-4E09-8828-FBADC31E14E7}.Debug|x64.ActiveCfg = Debug|Any CPU
		{EDE1BE66-5767-4E09-8828-FBADC31E14E7}.Debug|x64.Build.0 = Debug|Any CPU
		{EDE1BE66-5767-4E09-8828-FBADC31E14E7}.Debug|x86.ActiveCfg = Debug|Any CPU
		{EDE1BE66-5767-4E09-8828-FBADC31E14E7}.Debug|x86.Build.0 = Debug|Any CPU
		{EDE1BE66-5767-4E09-8828-FBADC31E14E7}.Release|Any CPU.ActiveCfg = Release|Any CPU
		{EDE1BE66-5767-4E09-8828-FBADC31E14E7}.Release|Any CPU.Build.0 = Release|Any CPU
		{EDE1BE66-5767-4E09-8828-FBADC31E14E7}.Release|x64.ActiveCfg = Release|Any CPU
		{EDE1BE66-5767-4E09-8828-FBADC31E14E7}.Release|x64.Build.0 = Release|Any CPU
		{EDE1BE66-5767-4E09-8828-FBADC31E14E7}.Release|x86.ActiveCfg = Release|Any CPU
		{EDE1BE66-5767-4E09-8828-FBADC31E14E7}.Release|x86.Build.0 = Release|Any CPU
		{8F9EE600-2658-4EF5-A008-BB7FCAC90A5F}.Debug|Any CPU.ActiveCfg = Debug|Any CPU
		{8F9EE600-2658-4EF5-A008-BB7FCAC90A5F}.Debug|Any CPU.Build.0 = Debug|Any CPU
		{8F9EE600-2658-4EF5-A008-BB7FCAC90A5F}.Debug|x64.ActiveCfg = Debug|Any CPU
		{8F9EE600-2658-4EF5-A008-BB7FCAC90A5F}.Debug|x64.Build.0 = Debug|Any CPU
		{8F9EE600-2658-4EF5-A008-BB7FCAC90A5F}.Debug|x86.ActiveCfg = Debug|Any CPU
		{8F9EE600-2658-4EF5-A008-BB7FCAC90A5F}.Debug|x86.Build.0 = Debug|Any CPU
		{8F9EE600-2658-4EF5-A008-BB7FCAC90A5F}.Release|Any CPU.ActiveCfg = Release|Any CPU
		{8F9EE600-2658-4EF5-A008-BB7FCAC90A5F}.Release|Any CPU.Build.0 = Release|Any CPU
		{8F9EE600-2658-4EF5-A008-BB7FCAC90A5F}.Release|x64.ActiveCfg = Release|Any CPU
		{8F9EE600-2658-4EF5-A008-BB7FCAC90A5F}.Release|x64.Build.0 = Release|Any CPU
		{8F9EE600-2658-4EF5-A008-BB7FCAC90A5F}.Release|x86.ActiveCfg = Release|Any CPU
		{8F9EE600-2658-4EF5-A008-BB7FCAC90A5F}.Release|x86.Build.0 = Release|Any CPU
		{F056471C-FA41-4019-939C-5C0B31C6D8DA}.Debug|Any CPU.ActiveCfg = Debug|Any CPU
		{F056471C-FA41-4019-939C-5C0B31C6D8DA}.Debug|Any CPU.Build.0 = Debug|Any CPU
		{F056471C-FA41-4019-939C-5C0B31C6D8DA}.Debug|x64.ActiveCfg = Debug|Any CPU
		{F056471C-FA41-4019-939C-5C0B31C6D8DA}.Debug|x64.Build.0 = Debug|Any CPU
		{F056471C-FA41-4019-939C-5C0B31C6D8DA}.Debug|x86.ActiveCfg = Debug|Any CPU
		{F056471C-FA41-4019-939C-5C0B31C6D8DA}.Debug|x86.Build.0 = Debug|Any CPU
		{F056471C-FA41-4019-939C-5C0B31C6D8DA}.Release|Any CPU.ActiveCfg = Release|Any CPU
		{F056471C-FA41-4019-939C-5C0B31C6D8DA}.Release|Any CPU.Build.0 = Release|Any CPU
		{F056471C-FA41-4019-939C-5C0B31C6D8DA}.Release|x64.ActiveCfg = Release|Any CPU
		{F056471C-FA41-4019-939C-5C0B31C6D8DA}.Release|x64.Build.0 = Release|Any CPU
		{F056471C-FA41-4019-939C-5C0B31C6D8DA}.Release|x86.ActiveCfg = Release|Any CPU
		{F056471C-FA41-4019-939C-5C0B31C6D8DA}.Release|x86.Build.0 = Release|Any CPU
		{D06EA101-6CD4-492B-BF8A-A0C0C2355467}.Debug|Any CPU.ActiveCfg = Debug|Any CPU
		{D06EA101-6CD4-492B-BF8A-A0C0C2355467}.Debug|Any CPU.Build.0 = Debug|Any CPU
		{D06EA101-6CD4-492B-BF8A-A0C0C2355467}.Debug|x64.ActiveCfg = Debug|Any CPU
		{D06EA101-6CD4-492B-BF8A-A0C0C2355467}.Debug|x64.Build.0 = Debug|Any CPU
		{D06EA101-6CD4-492B-BF8A-A0C0C2355467}.Debug|x86.ActiveCfg = Debug|Any CPU
		{D06EA101-6CD4-492B-BF8A-A0C0C2355467}.Debug|x86.Build.0 = Debug|Any CPU
		{D06EA101-6CD4-492B-BF8A-A0C0C2355467}.Release|Any CPU.ActiveCfg = Release|Any CPU
		{D06EA101-6CD4-492B-BF8A-A0C0C2355467}.Release|Any CPU.Build.0 = Release|Any CPU
		{D06EA101-6CD4-492B-BF8A-A0C0C2355467}.Release|x64.ActiveCfg = Release|Any CPU
		{D06EA101-6CD4-492B-BF8A-A0C0C2355467}.Release|x64.Build.0 = Release|Any CPU
		{D06EA101-6CD4-492B-BF8A-A0C0C2355467}.Release|x86.ActiveCfg = Release|Any CPU
		{D06EA101-6CD4-492B-BF8A-A0C0C2355467}.Release|x86.Build.0 = Release|Any CPU
		{9DC820FA-8976-411C-B923-8D0680ED8853}.Debug|Any CPU.ActiveCfg = Debug|Any CPU
		{9DC820FA-8976-411C-B923-8D0680ED8853}.Debug|Any CPU.Build.0 = Debug|Any CPU
		{9DC820FA-8976-411C-B923-8D0680ED8853}.Debug|x64.ActiveCfg = Debug|Any CPU
		{9DC820FA-8976-411C-B923-8D0680ED8853}.Debug|x64.Build.0 = Debug|Any CPU
		{9DC820FA-8976-411C-B923-8D0680ED8853}.Debug|x86.ActiveCfg = Debug|Any CPU
		{9DC820FA-8976-411C-B923-8D0680ED8853}.Debug|x86.Build.0 = Debug|Any CPU
		{9DC820FA-8976-411C-B923-8D0680ED8853}.Release|Any CPU.ActiveCfg = Release|Any CPU
		{9DC820FA-8976-411C-B923-8D0680ED8853}.Release|Any CPU.Build.0 = Release|Any CPU
		{9DC820FA-8976-411C-B923-8D0680ED8853}.Release|x64.ActiveCfg = Release|Any CPU
		{9DC820FA-8976-411C-B923-8D0680ED8853}.Release|x64.Build.0 = Release|Any CPU
		{9DC820FA-8976-411C-B923-8D0680ED8853}.Release|x86.ActiveCfg = Release|Any CPU
		{9DC820FA-8976-411C-B923-8D0680ED8853}.Release|x86.Build.0 = Release|Any CPU
	EndGlobalSection
EndGlobal
