
Microsoft Visual Studio Solution File, Format Version 12.00
# Visual Studio 15
VisualStudioVersion = 15.0.26124.0
MinimumVisualStudioVersion = 15.0.26124.0
Project("{FAE04EC0-301F-11D3-BF4B-00C04F79EFBC}") = "Espresso.Common", "Espresso.Common\Espresso.Common.csproj", "{795829C3-1BAB-4845-9374-D4ACD9636FCA}"
EndProject
Project("{FAE04EC0-301F-11D3-BF4B-00C04F79EFBC}") = "Espresso.Domain", "Espresso.Domain\Espresso.Domain.csproj", "{ED06EC81-9780-4858-BBEB-BE2B8C934AA9}"
EndProject
Project("{FAE04EC0-301F-11D3-BF4B-00C04F79EFBC}") = "Espresso.Persistence", "Espresso.Persistence\Espresso.Persistence.csproj", "{AC14873E-0B85-4F6D-AC85-362CB1BBD63E}"
EndProject
Project("{FAE04EC0-301F-11D3-BF4B-00C04F79EFBC}") = "Espresso.Application", "Espresso.Application\Espresso.Application.csproj", "{30D7B595-60FC-4F0A-9C35-AD051D2C319A}"
EndProject
Project("{FAE04EC0-301F-11D3-BF4B-00C04F79EFBC}") = "Espresso.WebApi.Application", "Espresso.WebApi.Application\Espresso.WebApi.Application.csproj", "{5820D267-4858-4241-AB49-4BD4EC765942}"
EndProject
Project("{FAE04EC0-301F-11D3-BF4B-00C04F79EFBC}") = "Espresso.WebApi", "Espresso.WebApi\Espresso.WebApi.csproj", "{0A8A7F28-EEBE-4037-ADF3-D1F3B9569DE9}"
EndProject
Project("{FAE04EC0-301F-11D3-BF4B-00C04F79EFBC}") = "Espresso.ParserDeleter.Application", "Espresso.ParserDeleter.Application\Espresso.ParserDeleter.Application.csproj", "{6446084D-FD3B-410A-8810-F9360B389F48}"
EndProject
Project("{FAE04EC0-301F-11D3-BF4B-00C04F79EFBC}") = "Espresso.ParserDeleter", "Espresso.ParserDeleter\Espresso.ParserDeleter.csproj", "{7BEC9474-14CD-44E0-ADF7-D0A4C8BE6613}"
EndProject
Project("{FAE04EC0-301F-11D3-BF4B-00C04F79EFBC}") = "Espresso.Domain.Tests", "..\UnitTests\Espresso.Domain.Tests\Espresso.Domain.Tests.csproj", "{A5C7D8E4-30D0-4333-8F03-97A48DF770B1}"
EndProject
Project("{FAE04EC0-301F-11D3-BF4B-00C04F79EFBC}") = "Espresso.Common.Tests", "..\UnitTests\Espresso.Common.Tests\Espresso.Common.Tests.csproj", "{A949056F-AC31-4101-840A-09560373B5E2}"
EndProject
Global
	GlobalSection(SolutionConfigurationPlatforms) = preSolution
		Debug|Any CPU = Debug|Any CPU
		Debug|x64 = Debug|x64
		Debug|x86 = Debug|x86
		Release|Any CPU = Release|Any CPU
		Release|x64 = Release|x64
		Release|x86 = Release|x86
	EndGlobalSection
	GlobalSection(SolutionProperties) = preSolution
		HideSolutionNode = FALSE
	EndGlobalSection
	GlobalSection(ProjectConfigurationPlatforms) = postSolution
		{795829C3-1BAB-4845-9374-D4ACD9636FCA}.Debug|Any CPU.ActiveCfg = Debug|Any CPU
		{795829C3-1BAB-4845-9374-D4ACD9636FCA}.Debug|Any CPU.Build.0 = Debug|Any CPU
		{795829C3-1BAB-4845-9374-D4ACD9636FCA}.Debug|x64.ActiveCfg = Debug|Any CPU
		{795829C3-1BAB-4845-9374-D4ACD9636FCA}.Debug|x64.Build.0 = Debug|Any CPU
		{795829C3-1BAB-4845-9374-D4ACD9636FCA}.Debug|x86.ActiveCfg = Debug|Any CPU
		{795829C3-1BAB-4845-9374-D4ACD9636FCA}.Debug|x86.Build.0 = Debug|Any CPU
		{795829C3-1BAB-4845-9374-D4ACD9636FCA}.Release|Any CPU.ActiveCfg = Release|Any CPU
		{795829C3-1BAB-4845-9374-D4ACD9636FCA}.Release|Any CPU.Build.0 = Release|Any CPU
		{795829C3-1BAB-4845-9374-D4ACD9636FCA}.Release|x64.ActiveCfg = Release|Any CPU
		{795829C3-1BAB-4845-9374-D4ACD9636FCA}.Release|x64.Build.0 = Release|Any CPU
		{795829C3-1BAB-4845-9374-D4ACD9636FCA}.Release|x86.ActiveCfg = Release|Any CPU
		{795829C3-1BAB-4845-9374-D4ACD9636FCA}.Release|x86.Build.0 = Release|Any CPU
		{ED06EC81-9780-4858-BBEB-BE2B8C934AA9}.Debug|Any CPU.ActiveCfg = Debug|Any CPU
		{ED06EC81-9780-4858-BBEB-BE2B8C934AA9}.Debug|Any CPU.Build.0 = Debug|Any CPU
		{ED06EC81-9780-4858-BBEB-BE2B8C934AA9}.Debug|x64.ActiveCfg = Debug|Any CPU
		{ED06EC81-9780-4858-BBEB-BE2B8C934AA9}.Debug|x64.Build.0 = Debug|Any CPU
		{ED06EC81-9780-4858-BBEB-BE2B8C934AA9}.Debug|x86.ActiveCfg = Debug|Any CPU
		{ED06EC81-9780-4858-BBEB-BE2B8C934AA9}.Debug|x86.Build.0 = Debug|Any CPU
		{ED06EC81-9780-4858-BBEB-BE2B8C934AA9}.Release|Any CPU.ActiveCfg = Release|Any CPU
		{ED06EC81-9780-4858-BBEB-BE2B8C934AA9}.Release|Any CPU.Build.0 = Release|Any CPU
		{ED06EC81-9780-4858-BBEB-BE2B8C934AA9}.Release|x64.ActiveCfg = Release|Any CPU
		{ED06EC81-9780-4858-BBEB-BE2B8C934AA9}.Release|x64.Build.0 = Release|Any CPU
		{ED06EC81-9780-4858-BBEB-BE2B8C934AA9}.Release|x86.ActiveCfg = Release|Any CPU
		{ED06EC81-9780-4858-BBEB-BE2B8C934AA9}.Release|x86.Build.0 = Release|Any CPU
		{AC14873E-0B85-4F6D-AC85-362CB1BBD63E}.Debug|Any CPU.ActiveCfg = Debug|Any CPU
		{AC14873E-0B85-4F6D-AC85-362CB1BBD63E}.Debug|Any CPU.Build.0 = Debug|Any CPU
		{AC14873E-0B85-4F6D-AC85-362CB1BBD63E}.Debug|x64.ActiveCfg = Debug|Any CPU
		{AC14873E-0B85-4F6D-AC85-362CB1BBD63E}.Debug|x64.Build.0 = Debug|Any CPU
		{AC14873E-0B85-4F6D-AC85-362CB1BBD63E}.Debug|x86.ActiveCfg = Debug|Any CPU
		{AC14873E-0B85-4F6D-AC85-362CB1BBD63E}.Debug|x86.Build.0 = Debug|Any CPU
		{AC14873E-0B85-4F6D-AC85-362CB1BBD63E}.Release|Any CPU.ActiveCfg = Release|Any CPU
		{AC14873E-0B85-4F6D-AC85-362CB1BBD63E}.Release|Any CPU.Build.0 = Release|Any CPU
		{AC14873E-0B85-4F6D-AC85-362CB1BBD63E}.Release|x64.ActiveCfg = Release|Any CPU
		{AC14873E-0B85-4F6D-AC85-362CB1BBD63E}.Release|x64.Build.0 = Release|Any CPU
		{AC14873E-0B85-4F6D-AC85-362CB1BBD63E}.Release|x86.ActiveCfg = Release|Any CPU
		{AC14873E-0B85-4F6D-AC85-362CB1BBD63E}.Release|x86.Build.0 = Release|Any CPU
		{30D7B595-60FC-4F0A-9C35-AD051D2C319A}.Debug|Any CPU.ActiveCfg = Debug|Any CPU
		{30D7B595-60FC-4F0A-9C35-AD051D2C319A}.Debug|Any CPU.Build.0 = Debug|Any CPU
		{30D7B595-60FC-4F0A-9C35-AD051D2C319A}.Debug|x64.ActiveCfg = Debug|Any CPU
		{30D7B595-60FC-4F0A-9C35-AD051D2C319A}.Debug|x64.Build.0 = Debug|Any CPU
		{30D7B595-60FC-4F0A-9C35-AD051D2C319A}.Debug|x86.ActiveCfg = Debug|Any CPU
		{30D7B595-60FC-4F0A-9C35-AD051D2C319A}.Debug|x86.Build.0 = Debug|Any CPU
		{30D7B595-60FC-4F0A-9C35-AD051D2C319A}.Release|Any CPU.ActiveCfg = Release|Any CPU
		{30D7B595-60FC-4F0A-9C35-AD051D2C319A}.Release|Any CPU.Build.0 = Release|Any CPU
		{30D7B595-60FC-4F0A-9C35-AD051D2C319A}.Release|x64.ActiveCfg = Release|Any CPU
		{30D7B595-60FC-4F0A-9C35-AD051D2C319A}.Release|x64.Build.0 = Release|Any CPU
		{30D7B595-60FC-4F0A-9C35-AD051D2C319A}.Release|x86.ActiveCfg = Release|Any CPU
		{30D7B595-60FC-4F0A-9C35-AD051D2C319A}.Release|x86.Build.0 = Release|Any CPU
		{5820D267-4858-4241-AB49-4BD4EC765942}.Debug|Any CPU.ActiveCfg = Debug|Any CPU
		{5820D267-4858-4241-AB49-4BD4EC765942}.Debug|Any CPU.Build.0 = Debug|Any CPU
		{5820D267-4858-4241-AB49-4BD4EC765942}.Debug|x64.ActiveCfg = Debug|Any CPU
		{5820D267-4858-4241-AB49-4BD4EC765942}.Debug|x64.Build.0 = Debug|Any CPU
		{5820D267-4858-4241-AB49-4BD4EC765942}.Debug|x86.ActiveCfg = Debug|Any CPU
		{5820D267-4858-4241-AB49-4BD4EC765942}.Debug|x86.Build.0 = Debug|Any CPU
		{5820D267-4858-4241-AB49-4BD4EC765942}.Release|Any CPU.ActiveCfg = Release|Any CPU
		{5820D267-4858-4241-AB49-4BD4EC765942}.Release|Any CPU.Build.0 = Release|Any CPU
		{5820D267-4858-4241-AB49-4BD4EC765942}.Release|x64.ActiveCfg = Release|Any CPU
		{5820D267-4858-4241-AB49-4BD4EC765942}.Release|x64.Build.0 = Release|Any CPU
		{5820D267-4858-4241-AB49-4BD4EC765942}.Release|x86.ActiveCfg = Release|Any CPU
		{5820D267-4858-4241-AB49-4BD4EC765942}.Release|x86.Build.0 = Release|Any CPU
		{0A8A7F28-EEBE-4037-ADF3-D1F3B9569DE9}.Debug|Any CPU.ActiveCfg = Debug|Any CPU
		{0A8A7F28-EEBE-4037-ADF3-D1F3B9569DE9}.Debug|Any CPU.Build.0 = Debug|Any CPU
		{0A8A7F28-EEBE-4037-ADF3-D1F3B9569DE9}.Debug|x64.ActiveCfg = Debug|Any CPU
		{0A8A7F28-EEBE-4037-ADF3-D1F3B9569DE9}.Debug|x64.Build.0 = Debug|Any CPU
		{0A8A7F28-EEBE-4037-ADF3-D1F3B9569DE9}.Debug|x86.ActiveCfg = Debug|Any CPU
		{0A8A7F28-EEBE-4037-ADF3-D1F3B9569DE9}.Debug|x86.Build.0 = Debug|Any CPU
		{0A8A7F28-EEBE-4037-ADF3-D1F3B9569DE9}.Release|Any CPU.ActiveCfg = Release|Any CPU
		{0A8A7F28-EEBE-4037-ADF3-D1F3B9569DE9}.Release|Any CPU.Build.0 = Release|Any CPU
		{0A8A7F28-EEBE-4037-ADF3-D1F3B9569DE9}.Release|x64.ActiveCfg = Release|Any CPU
		{0A8A7F28-EEBE-4037-ADF3-D1F3B9569DE9}.Release|x64.Build.0 = Release|Any CPU
		{0A8A7F28-EEBE-4037-ADF3-D1F3B9569DE9}.Release|x86.ActiveCfg = Release|Any CPU
		{0A8A7F28-EEBE-4037-ADF3-D1F3B9569DE9}.Release|x86.Build.0 = Release|Any CPU
		{6446084D-FD3B-410A-8810-F9360B389F48}.Debug|Any CPU.ActiveCfg = Debug|Any CPU
		{6446084D-FD3B-410A-8810-F9360B389F48}.Debug|Any CPU.Build.0 = Debug|Any CPU
		{6446084D-FD3B-410A-8810-F9360B389F48}.Debug|x64.ActiveCfg = Debug|Any CPU
		{6446084D-FD3B-410A-8810-F9360B389F48}.Debug|x64.Build.0 = Debug|Any CPU
		{6446084D-FD3B-410A-8810-F9360B389F48}.Debug|x86.ActiveCfg = Debug|Any CPU
		{6446084D-FD3B-410A-8810-F9360B389F48}.Debug|x86.Build.0 = Debug|Any CPU
		{6446084D-FD3B-410A-8810-F9360B389F48}.Release|Any CPU.ActiveCfg = Release|Any CPU
		{6446084D-FD3B-410A-8810-F9360B389F48}.Release|Any CPU.Build.0 = Release|Any CPU
		{6446084D-FD3B-410A-8810-F9360B389F48}.Release|x64.ActiveCfg = Release|Any CPU
		{6446084D-FD3B-410A-8810-F9360B389F48}.Release|x64.Build.0 = Release|Any CPU
		{6446084D-FD3B-410A-8810-F9360B389F48}.Release|x86.ActiveCfg = Release|Any CPU
		{6446084D-FD3B-410A-8810-F9360B389F48}.Release|x86.Build.0 = Release|Any CPU
		{7BEC9474-14CD-44E0-ADF7-D0A4C8BE6613}.Debug|Any CPU.ActiveCfg = Debug|Any CPU
		{7BEC9474-14CD-44E0-ADF7-D0A4C8BE6613}.Debug|Any CPU.Build.0 = Debug|Any CPU
		{7BEC9474-14CD-44E0-ADF7-D0A4C8BE6613}.Debug|x64.ActiveCfg = Debug|Any CPU
		{7BEC9474-14CD-44E0-ADF7-D0A4C8BE6613}.Debug|x64.Build.0 = Debug|Any CPU
		{7BEC9474-14CD-44E0-ADF7-D0A4C8BE6613}.Debug|x86.ActiveCfg = Debug|Any CPU
		{7BEC9474-14CD-44E0-ADF7-D0A4C8BE6613}.Debug|x86.Build.0 = Debug|Any CPU
		{7BEC9474-14CD-44E0-ADF7-D0A4C8BE6613}.Release|Any CPU.ActiveCfg = Release|Any CPU
		{7BEC9474-14CD-44E0-ADF7-D0A4C8BE6613}.Release|Any CPU.Build.0 = Release|Any CPU
		{7BEC9474-14CD-44E0-ADF7-D0A4C8BE6613}.Release|x64.ActiveCfg = Release|Any CPU
		{7BEC9474-14CD-44E0-ADF7-D0A4C8BE6613}.Release|x64.Build.0 = Release|Any CPU
		{7BEC9474-14CD-44E0-ADF7-D0A4C8BE6613}.Release|x86.ActiveCfg = Release|Any CPU
		{7BEC9474-14CD-44E0-ADF7-D0A4C8BE6613}.Release|x86.Build.0 = Release|Any CPU
		{A5C7D8E4-30D0-4333-8F03-97A48DF770B1}.Debug|Any CPU.ActiveCfg = Debug|Any CPU
		{A5C7D8E4-30D0-4333-8F03-97A48DF770B1}.Debug|Any CPU.Build.0 = Debug|Any CPU
		{A5C7D8E4-30D0-4333-8F03-97A48DF770B1}.Debug|x64.ActiveCfg = Debug|Any CPU
		{A5C7D8E4-30D0-4333-8F03-97A48DF770B1}.Debug|x64.Build.0 = Debug|Any CPU
		{A5C7D8E4-30D0-4333-8F03-97A48DF770B1}.Debug|x86.ActiveCfg = Debug|Any CPU
		{A5C7D8E4-30D0-4333-8F03-97A48DF770B1}.Debug|x86.Build.0 = Debug|Any CPU
		{A5C7D8E4-30D0-4333-8F03-97A48DF770B1}.Release|Any CPU.ActiveCfg = Release|Any CPU
		{A5C7D8E4-30D0-4333-8F03-97A48DF770B1}.Release|Any CPU.Build.0 = Release|Any CPU
		{A5C7D8E4-30D0-4333-8F03-97A48DF770B1}.Release|x64.ActiveCfg = Release|Any CPU
		{A5C7D8E4-30D0-4333-8F03-97A48DF770B1}.Release|x64.Build.0 = Release|Any CPU
		{A5C7D8E4-30D0-4333-8F03-97A48DF770B1}.Release|x86.ActiveCfg = Release|Any CPU
		{A5C7D8E4-30D0-4333-8F03-97A48DF770B1}.Release|x86.Build.0 = Release|Any CPU
		{A949056F-AC31-4101-840A-09560373B5E2}.Debug|Any CPU.ActiveCfg = Debug|Any CPU
		{A949056F-AC31-4101-840A-09560373B5E2}.Debug|Any CPU.Build.0 = Debug|Any CPU
		{A949056F-AC31-4101-840A-09560373B5E2}.Debug|x64.ActiveCfg = Debug|Any CPU
		{A949056F-AC31-4101-840A-09560373B5E2}.Debug|x64.Build.0 = Debug|Any CPU
		{A949056F-AC31-4101-840A-09560373B5E2}.Debug|x86.ActiveCfg = Debug|Any CPU
		{A949056F-AC31-4101-840A-09560373B5E2}.Debug|x86.Build.0 = Debug|Any CPU
		{A949056F-AC31-4101-840A-09560373B5E2}.Release|Any CPU.ActiveCfg = Release|Any CPU
		{A949056F-AC31-4101-840A-09560373B5E2}.Release|Any CPU.Build.0 = Release|Any CPU
		{A949056F-AC31-4101-840A-09560373B5E2}.Release|x64.ActiveCfg = Release|Any CPU
		{A949056F-AC31-4101-840A-09560373B5E2}.Release|x64.Build.0 = Release|Any CPU
		{A949056F-AC31-4101-840A-09560373B5E2}.Release|x86.ActiveCfg = Release|Any CPU
		{A949056F-AC31-4101-840A-09560373B5E2}.Release|x86.Build.0 = Release|Any CPU
	EndGlobalSection
EndGlobal
