
Microsoft Visual Studio Solution File, Format Version 12.00
# Visual Studio 15
VisualStudioVersion = 15.0.26124.0
MinimumVisualStudioVersion = 15.0.26124.0
Project("{FAE04EC0-301F-11D3-BF4B-00C04F79EFBC}") = "Espresso.Application", "Espresso.Application\Espresso.Application.csproj", "{A30315B2-5C41-4708-8F73-43705A2A7811}"
EndProject
Project("{FAE04EC0-301F-11D3-BF4B-00C04F79EFBC}") = "Espresso.Dashboard", "Espresso.Dashboard\Espresso.Dashboard.csproj", "{1473E47B-DB2B-4583-8C75-6F8FAA4343DC}"
EndProject
Project("{FAE04EC0-301F-11D3-BF4B-00C04F79EFBC}") = "Espresso.Domain", "Espresso.Domain\Espresso.Domain.csproj", "{1D5AFDE4-603A-42A0-BB0D-7407C66CC1C3}"
EndProject
Project("{FAE04EC0-301F-11D3-BF4B-00C04F79EFBC}") = "Espresso.WebApi.Application", "Espresso.WebApi.Application\Espresso.WebApi.Application.csproj", "{2076E0C2-B6D8-47C1-AF75-6AB49A4E1FDA}"
EndProject
Project("{FAE04EC0-301F-11D3-BF4B-00C04F79EFBC}") = "Espresso.Common", "Espresso.Common\Espresso.Common.csproj", "{9926D78D-0FAE-4A0A-AE41-207B024FBCA2}"
EndProject
Project("{FAE04EC0-301F-11D3-BF4B-00C04F79EFBC}") = "Espresso.Dashboard.Application", "Espresso.Dashboard.Application\Espresso.Dashboard.Application.csproj", "{E904F2DD-E81E-4389-A8E3-146F681DC695}"
EndProject
Project("{FAE04EC0-301F-11D3-BF4B-00C04F79EFBC}") = "Espresso.Persistence", "Espresso.Persistence\Espresso.Persistence.csproj", "{B047EB09-E661-4A60-84E3-A2A034D8369B}"
EndProject
Project("{FAE04EC0-301F-11D3-BF4B-00C04F79EFBC}") = "Espresso.WebApi", "Espresso.WebApi\Espresso.WebApi.csproj", "{0C7371BD-FC15-49A7-A7CE-C7D4128EDBF6}"
EndProject
Project("{FAE04EC0-301F-11D3-BF4B-00C04F79EFBC}") = "Espresso.Common.Tests", "..\UnitTests\Espresso.Common.Tests\Espresso.Common.Tests.csproj", "{188B2D66-D686-4B56-89C3-1A9F718930DD}"
EndProject
Project("{FAE04EC0-301F-11D3-BF4B-00C04F79EFBC}") = "Espresso.Domain.Tests", "..\UnitTests\Espresso.Domain.Tests\Espresso.Domain.Tests.csproj", "{DE7E6E4F-6762-46B7-99A1-4C966D14CAE2}"
EndProject
Global
	GlobalSection(SolutionConfigurationPlatforms) = preSolution
		Debug|Any CPU = Debug|Any CPU
		Debug|x64 = Debug|x64
		Debug|x86 = Debug|x86
		Release|Any CPU = Release|Any CPU
		Release|x64 = Release|x64
		Release|x86 = Release|x86
	EndGlobalSection
	GlobalSection(SolutionProperties) = preSolution
		HideSolutionNode = FALSE
	EndGlobalSection
	GlobalSection(ProjectConfigurationPlatforms) = postSolution
		{A30315B2-5C41-4708-8F73-43705A2A7811}.Debug|Any CPU.ActiveCfg = Debug|Any CPU
		{A30315B2-5C41-4708-8F73-43705A2A7811}.Debug|Any CPU.Build.0 = Debug|Any CPU
		{A30315B2-5C41-4708-8F73-43705A2A7811}.Debug|x64.ActiveCfg = Debug|Any CPU
		{A30315B2-5C41-4708-8F73-43705A2A7811}.Debug|x64.Build.0 = Debug|Any CPU
		{A30315B2-5C41-4708-8F73-43705A2A7811}.Debug|x86.ActiveCfg = Debug|Any CPU
		{A30315B2-5C41-4708-8F73-43705A2A7811}.Debug|x86.Build.0 = Debug|Any CPU
		{A30315B2-5C41-4708-8F73-43705A2A7811}.Release|Any CPU.ActiveCfg = Release|Any CPU
		{A30315B2-5C41-4708-8F73-43705A2A7811}.Release|Any CPU.Build.0 = Release|Any CPU
		{A30315B2-5C41-4708-8F73-43705A2A7811}.Release|x64.ActiveCfg = Release|Any CPU
		{A30315B2-5C41-4708-8F73-43705A2A7811}.Release|x64.Build.0 = Release|Any CPU
		{A30315B2-5C41-4708-8F73-43705A2A7811}.Release|x86.ActiveCfg = Release|Any CPU
		{A30315B2-5C41-4708-8F73-43705A2A7811}.Release|x86.Build.0 = Release|Any CPU
		{1473E47B-DB2B-4583-8C75-6F8FAA4343DC}.Debug|Any CPU.ActiveCfg = Debug|Any CPU
		{1473E47B-DB2B-4583-8C75-6F8FAA4343DC}.Debug|Any CPU.Build.0 = Debug|Any CPU
		{1473E47B-DB2B-4583-8C75-6F8FAA4343DC}.Debug|x64.ActiveCfg = Debug|Any CPU
		{1473E47B-DB2B-4583-8C75-6F8FAA4343DC}.Debug|x64.Build.0 = Debug|Any CPU
		{1473E47B-DB2B-4583-8C75-6F8FAA4343DC}.Debug|x86.ActiveCfg = Debug|Any CPU
		{1473E47B-DB2B-4583-8C75-6F8FAA4343DC}.Debug|x86.Build.0 = Debug|Any CPU
		{1473E47B-DB2B-4583-8C75-6F8FAA4343DC}.Release|Any CPU.ActiveCfg = Release|Any CPU
		{1473E47B-DB2B-4583-8C75-6F8FAA4343DC}.Release|Any CPU.Build.0 = Release|Any CPU
		{1473E47B-DB2B-4583-8C75-6F8FAA4343DC}.Release|x64.ActiveCfg = Release|Any CPU
		{1473E47B-DB2B-4583-8C75-6F8FAA4343DC}.Release|x64.Build.0 = Release|Any CPU
		{1473E47B-DB2B-4583-8C75-6F8FAA4343DC}.Release|x86.ActiveCfg = Release|Any CPU
		{1473E47B-DB2B-4583-8C75-6F8FAA4343DC}.Release|x86.Build.0 = Release|Any CPU
		{1D5AFDE4-603A-42A0-BB0D-7407C66CC1C3}.Debug|Any CPU.ActiveCfg = Debug|Any CPU
		{1D5AFDE4-603A-42A0-BB0D-7407C66CC1C3}.Debug|Any CPU.Build.0 = Debug|Any CPU
		{1D5AFDE4-603A-42A0-BB0D-7407C66CC1C3}.Debug|x64.ActiveCfg = Debug|Any CPU
		{1D5AFDE4-603A-42A0-BB0D-7407C66CC1C3}.Debug|x64.Build.0 = Debug|Any CPU
		{1D5AFDE4-603A-42A0-BB0D-7407C66CC1C3}.Debug|x86.ActiveCfg = Debug|Any CPU
		{1D5AFDE4-603A-42A0-BB0D-7407C66CC1C3}.Debug|x86.Build.0 = Debug|Any CPU
		{1D5AFDE4-603A-42A0-BB0D-7407C66CC1C3}.Release|Any CPU.ActiveCfg = Release|Any CPU
		{1D5AFDE4-603A-42A0-BB0D-7407C66CC1C3}.Release|Any CPU.Build.0 = Release|Any CPU
		{1D5AFDE4-603A-42A0-BB0D-7407C66CC1C3}.Release|x64.ActiveCfg = Release|Any CPU
		{1D5AFDE4-603A-42A0-BB0D-7407C66CC1C3}.Release|x64.Build.0 = Release|Any CPU
		{1D5AFDE4-603A-42A0-BB0D-7407C66CC1C3}.Release|x86.ActiveCfg = Release|Any CPU
		{1D5AFDE4-603A-42A0-BB0D-7407C66CC1C3}.Release|x86.Build.0 = Release|Any CPU
		{2076E0C2-B6D8-47C1-AF75-6AB49A4E1FDA}.Debug|Any CPU.ActiveCfg = Debug|Any CPU
		{2076E0C2-B6D8-47C1-AF75-6AB49A4E1FDA}.Debug|Any CPU.Build.0 = Debug|Any CPU
		{2076E0C2-B6D8-47C1-AF75-6AB49A4E1FDA}.Debug|x64.ActiveCfg = Debug|Any CPU
		{2076E0C2-B6D8-47C1-AF75-6AB49A4E1FDA}.Debug|x64.Build.0 = Debug|Any CPU
		{2076E0C2-B6D8-47C1-AF75-6AB49A4E1FDA}.Debug|x86.ActiveCfg = Debug|Any CPU
		{2076E0C2-B6D8-47C1-AF75-6AB49A4E1FDA}.Debug|x86.Build.0 = Debug|Any CPU
		{2076E0C2-B6D8-47C1-AF75-6AB49A4E1FDA}.Release|Any CPU.ActiveCfg = Release|Any CPU
		{2076E0C2-B6D8-47C1-AF75-6AB49A4E1FDA}.Release|Any CPU.Build.0 = Release|Any CPU
		{2076E0C2-B6D8-47C1-AF75-6AB49A4E1FDA}.Release|x64.ActiveCfg = Release|Any CPU
		{2076E0C2-B6D8-47C1-AF75-6AB49A4E1FDA}.Release|x64.Build.0 = Release|Any CPU
		{2076E0C2-B6D8-47C1-AF75-6AB49A4E1FDA}.Release|x86.ActiveCfg = Release|Any CPU
		{2076E0C2-B6D8-47C1-AF75-6AB49A4E1FDA}.Release|x86.Build.0 = Release|Any CPU
		{9926D78D-0FAE-4A0A-AE41-207B024FBCA2}.Debug|Any CPU.ActiveCfg = Debug|Any CPU
		{9926D78D-0FAE-4A0A-AE41-207B024FBCA2}.Debug|Any CPU.Build.0 = Debug|Any CPU
		{9926D78D-0FAE-4A0A-AE41-207B024FBCA2}.Debug|x64.ActiveCfg = Debug|Any CPU
		{9926D78D-0FAE-4A0A-AE41-207B024FBCA2}.Debug|x64.Build.0 = Debug|Any CPU
		{9926D78D-0FAE-4A0A-AE41-207B024FBCA2}.Debug|x86.ActiveCfg = Debug|Any CPU
		{9926D78D-0FAE-4A0A-AE41-207B024FBCA2}.Debug|x86.Build.0 = Debug|Any CPU
		{9926D78D-0FAE-4A0A-AE41-207B024FBCA2}.Release|Any CPU.ActiveCfg = Release|Any CPU
		{9926D78D-0FAE-4A0A-AE41-207B024FBCA2}.Release|Any CPU.Build.0 = Release|Any CPU
		{9926D78D-0FAE-4A0A-AE41-207B024FBCA2}.Release|x64.ActiveCfg = Release|Any CPU
		{9926D78D-0FAE-4A0A-AE41-207B024FBCA2}.Release|x64.Build.0 = Release|Any CPU
		{9926D78D-0FAE-4A0A-AE41-207B024FBCA2}.Release|x86.ActiveCfg = Release|Any CPU
		{9926D78D-0FAE-4A0A-AE41-207B024FBCA2}.Release|x86.Build.0 = Release|Any CPU
		{E904F2DD-E81E-4389-A8E3-146F681DC695}.Debug|Any CPU.ActiveCfg = Debug|Any CPU
		{E904F2DD-E81E-4389-A8E3-146F681DC695}.Debug|Any CPU.Build.0 = Debug|Any CPU
		{E904F2DD-E81E-4389-A8E3-146F681DC695}.Debug|x64.ActiveCfg = Debug|Any CPU
		{E904F2DD-E81E-4389-A8E3-146F681DC695}.Debug|x64.Build.0 = Debug|Any CPU
		{E904F2DD-E81E-4389-A8E3-146F681DC695}.Debug|x86.ActiveCfg = Debug|Any CPU
		{E904F2DD-E81E-4389-A8E3-146F681DC695}.Debug|x86.Build.0 = Debug|Any CPU
		{E904F2DD-E81E-4389-A8E3-146F681DC695}.Release|Any CPU.ActiveCfg = Release|Any CPU
		{E904F2DD-E81E-4389-A8E3-146F681DC695}.Release|Any CPU.Build.0 = Release|Any CPU
		{E904F2DD-E81E-4389-A8E3-146F681DC695}.Release|x64.ActiveCfg = Release|Any CPU
		{E904F2DD-E81E-4389-A8E3-146F681DC695}.Release|x64.Build.0 = Release|Any CPU
		{E904F2DD-E81E-4389-A8E3-146F681DC695}.Release|x86.ActiveCfg = Release|Any CPU
		{E904F2DD-E81E-4389-A8E3-146F681DC695}.Release|x86.Build.0 = Release|Any CPU
		{B047EB09-E661-4A60-84E3-A2A034D8369B}.Debug|Any CPU.ActiveCfg = Debug|Any CPU
		{B047EB09-E661-4A60-84E3-A2A034D8369B}.Debug|Any CPU.Build.0 = Debug|Any CPU
		{B047EB09-E661-4A60-84E3-A2A034D8369B}.Debug|x64.ActiveCfg = Debug|Any CPU
		{B047EB09-E661-4A60-84E3-A2A034D8369B}.Debug|x64.Build.0 = Debug|Any CPU
		{B047EB09-E661-4A60-84E3-A2A034D8369B}.Debug|x86.ActiveCfg = Debug|Any CPU
		{B047EB09-E661-4A60-84E3-A2A034D8369B}.Debug|x86.Build.0 = Debug|Any CPU
		{B047EB09-E661-4A60-84E3-A2A034D8369B}.Release|Any CPU.ActiveCfg = Release|Any CPU
		{B047EB09-E661-4A60-84E3-A2A034D8369B}.Release|Any CPU.Build.0 = Release|Any CPU
		{B047EB09-E661-4A60-84E3-A2A034D8369B}.Release|x64.ActiveCfg = Release|Any CPU
		{B047EB09-E661-4A60-84E3-A2A034D8369B}.Release|x64.Build.0 = Release|Any CPU
		{B047EB09-E661-4A60-84E3-A2A034D8369B}.Release|x86.ActiveCfg = Release|Any CPU
		{B047EB09-E661-4A60-84E3-A2A034D8369B}.Release|x86.Build.0 = Release|Any CPU
		{0C7371BD-FC15-49A7-A7CE-C7D4128EDBF6}.Debug|Any CPU.ActiveCfg = Debug|Any CPU
		{0C7371BD-FC15-49A7-A7CE-C7D4128EDBF6}.Debug|Any CPU.Build.0 = Debug|Any CPU
		{0C7371BD-FC15-49A7-A7CE-C7D4128EDBF6}.Debug|x64.ActiveCfg = Debug|Any CPU
		{0C7371BD-FC15-49A7-A7CE-C7D4128EDBF6}.Debug|x64.Build.0 = Debug|Any CPU
		{0C7371BD-FC15-49A7-A7CE-C7D4128EDBF6}.Debug|x86.ActiveCfg = Debug|Any CPU
		{0C7371BD-FC15-49A7-A7CE-C7D4128EDBF6}.Debug|x86.Build.0 = Debug|Any CPU
		{0C7371BD-FC15-49A7-A7CE-C7D4128EDBF6}.Release|Any CPU.ActiveCfg = Release|Any CPU
		{0C7371BD-FC15-49A7-A7CE-C7D4128EDBF6}.Release|Any CPU.Build.0 = Release|Any CPU
		{0C7371BD-FC15-49A7-A7CE-C7D4128EDBF6}.Release|x64.ActiveCfg = Release|Any CPU
		{0C7371BD-FC15-49A7-A7CE-C7D4128EDBF6}.Release|x64.Build.0 = Release|Any CPU
		{0C7371BD-FC15-49A7-A7CE-C7D4128EDBF6}.Release|x86.ActiveCfg = Release|Any CPU
		{0C7371BD-FC15-49A7-A7CE-C7D4128EDBF6}.Release|x86.Build.0 = Release|Any CPU
		{188B2D66-D686-4B56-89C3-1A9F718930DD}.Debug|Any CPU.ActiveCfg = Debug|Any CPU
		{188B2D66-D686-4B56-89C3-1A9F718930DD}.Debug|Any CPU.Build.0 = Debug|Any CPU
		{188B2D66-D686-4B56-89C3-1A9F718930DD}.Debug|x64.ActiveCfg = Debug|Any CPU
		{188B2D66-D686-4B56-89C3-1A9F718930DD}.Debug|x64.Build.0 = Debug|Any CPU
		{188B2D66-D686-4B56-89C3-1A9F718930DD}.Debug|x86.ActiveCfg = Debug|Any CPU
		{188B2D66-D686-4B56-89C3-1A9F718930DD}.Debug|x86.Build.0 = Debug|Any CPU
		{188B2D66-D686-4B56-89C3-1A9F718930DD}.Release|Any CPU.ActiveCfg = Release|Any CPU
		{188B2D66-D686-4B56-89C3-1A9F718930DD}.Release|Any CPU.Build.0 = Release|Any CPU
		{188B2D66-D686-4B56-89C3-1A9F718930DD}.Release|x64.ActiveCfg = Release|Any CPU
		{188B2D66-D686-4B56-89C3-1A9F718930DD}.Release|x64.Build.0 = Release|Any CPU
		{188B2D66-D686-4B56-89C3-1A9F718930DD}.Release|x86.ActiveCfg = Release|Any CPU
		{188B2D66-D686-4B56-89C3-1A9F718930DD}.Release|x86.Build.0 = Release|Any CPU
		{DE7E6E4F-6762-46B7-99A1-4C966D14CAE2}.Debug|Any CPU.ActiveCfg = Debug|Any CPU
		{DE7E6E4F-6762-46B7-99A1-4C966D14CAE2}.Debug|Any CPU.Build.0 = Debug|Any CPU
		{DE7E6E4F-6762-46B7-99A1-4C966D14CAE2}.Debug|x64.ActiveCfg = Debug|Any CPU
		{DE7E6E4F-6762-46B7-99A1-4C966D14CAE2}.Debug|x64.Build.0 = Debug|Any CPU
		{DE7E6E4F-6762-46B7-99A1-4C966D14CAE2}.Debug|x86.ActiveCfg = Debug|Any CPU
		{DE7E6E4F-6762-46B7-99A1-4C966D14CAE2}.Debug|x86.Build.0 = Debug|Any CPU
		{DE7E6E4F-6762-46B7-99A1-4C966D14CAE2}.Release|Any CPU.ActiveCfg = Release|Any CPU
		{DE7E6E4F-6762-46B7-99A1-4C966D14CAE2}.Release|Any CPU.Build.0 = Release|Any CPU
		{DE7E6E4F-6762-46B7-99A1-4C966D14CAE2}.Release|x64.ActiveCfg = Release|Any CPU
		{DE7E6E4F-6762-46B7-99A1-4C966D14CAE2}.Release|x64.Build.0 = Release|Any CPU
		{DE7E6E4F-6762-46B7-99A1-4C966D14CAE2}.Release|x86.ActiveCfg = Release|Any CPU
		{DE7E6E4F-6762-46B7-99A1-4C966D14CAE2}.Release|x86.Build.0 = Release|Any CPU
	EndGlobalSection
EndGlobal
